// !$*UTF8*$!
{
	archiveVersion = 1;
	classes = {
	};
	objectVersion = 46;
	objects = {

/* Begin PBXBuildFile section */
		33224DDA1BD61662003A83CE /* AppDelegate.swift in Sources */ = {isa = PBXBuildFile; fileRef = 33224DD91BD61662003A83CE /* AppDelegate.swift */; };
		33224DDC1BD61662003A83CE /* ViewController.swift in Sources */ = {isa = PBXBuildFile; fileRef = 33224DDB1BD61662003A83CE /* ViewController.swift */; };
		33224DDF1BD61662003A83CE /* Main.storyboard in Resources */ = {isa = PBXBuildFile; fileRef = 33224DDD1BD61662003A83CE /* Main.storyboard */; };
		33224DE11BD61662003A83CE /* Assets.xcassets in Resources */ = {isa = PBXBuildFile; fileRef = 33224DE01BD61662003A83CE /* Assets.xcassets */; };
		33224DE41BD61662003A83CE /* LaunchScreen.storyboard in Resources */ = {isa = PBXBuildFile; fileRef = 33224DE21BD61662003A83CE /* LaunchScreen.storyboard */; };
		33224DEF1BD61662003A83CE /* UpDownGameTests.swift in Sources */ = {isa = PBXBuildFile; fileRef = 33224DEE1BD61662003A83CE /* UpDownGameTests.swift */; };
		33224DFA1BD61662003A83CE /* UpDownGameUITests.swift in Sources */ = {isa = PBXBuildFile; fileRef = 33224DF91BD61662003A83CE /* UpDownGameUITests.swift */; };
/* End PBXBuildFile section */

/* Begin PBXContainerItemProxy section */
		33224DEB1BD61662003A83CE /* PBXContainerItemProxy */ = {
			isa = PBXContainerItemProxy;
			containerPortal = 33224DCE1BD61662003A83CE /* Project object */;
			proxyType = 1;
			remoteGlobalIDString = 33224DD51BD61662003A83CE;
			remoteInfo = UpDownGame;
		};
		33224DF61BD61662003A83CE /* PBXContainerItemProxy */ = {
			isa = PBXContainerItemProxy;
			containerPortal = 33224DCE1BD61662003A83CE /* Project object */;
			proxyType = 1;
			remoteGlobalIDString = 33224DD51BD61662003A83CE;
			remoteInfo = UpDownGame;
		};
/* End PBXContainerItemProxy section */

/* Begin PBXFileReference section */
		33224DD61BD61662003A83CE /* UpDownGame.app */ = {isa = PBXFileReference; explicitFileType = wrapper.application; includeInIndex = 0; path = UpDownGame.app; sourceTree = BUILT_PRODUCTS_DIR; };
		33224DD91BD61662003A83CE /* AppDelegate.swift */ = {isa = PBXFileReference; lastKnownFileType = sourcecode.swift; path = AppDelegate.swift; sourceTree = "<group>"; };
		33224DDB1BD61662003A83CE /* ViewController.swift */ = {isa = PBXFileReference; lastKnownFileType = sourcecode.swift; path = ViewController.swift; sourceTree = "<group>"; };
		33224DDE1BD61662003A83CE /* Base */ = {isa = PBXFileReference; lastKnownFileType = file.storyboard; name = Base; path = Base.lproj/Main.storyboard; sourceTree = "<group>"; };
		33224DE01BD61662003A83CE /* Assets.xcassets */ = {isa = PBXFileReference; lastKnownFileType = folder.assetcatalog; path = Assets.xcassets; sourceTree = "<group>"; };
		33224DE31BD61662003A83CE /* Base */ = {isa = PBXFileReference; lastKnownFileType = file.storyboard; name = Base; path = Base.lproj/LaunchScreen.storyboard; sourceTree = "<group>"; };
		33224DE51BD61662003A83CE /* Info.plist */ = {isa = PBXFileReference; lastKnownFileType = text.plist.xml; path = Info.plist; sourceTree = "<group>"; };
		33224DEA1BD61662003A83CE /* UpDownGameTests.xctest */ = {isa = PBXFileReference; explicitFileType = wrapper.cfbundle; includeInIndex = 0; path = UpDownGameTests.xctest; sourceTree = BUILT_PRODUCTS_DIR; };
		33224DEE1BD61662003A83CE /* UpDownGameTests.swift */ = {isa = PBXFileReference; lastKnownFileType = sourcecode.swift; path = UpDownGameTests.swift; sourceTree = "<group>"; };
		33224DF01BD61662003A83CE /* Info.plist */ = {isa = PBXFileReference; lastKnownFileType = text.plist.xml; path = Info.plist; sourceTree = "<group>"; };
		33224DF51BD61662003A83CE /* UpDownGameUITests.xctest */ = {isa = PBXFileReference; explicitFileType = wrapper.cfbundle; includeInIndex = 0; path = UpDownGameUITests.xctest; sourceTree = BUILT_PRODUCTS_DIR; };
		33224DF91BD61662003A83CE /* UpDownGameUITests.swift */ = {isa = PBXFileReference; lastKnownFileType = sourcecode.swift; path = UpDownGameUITests.swift; sourceTree = "<group>"; };
		33224DFB1BD61662003A83CE /* Info.plist */ = {isa = PBXFileReference; lastKnownFileType = text.plist.xml; path = Info.plist; sourceTree = "<group>"; };
/* End PBXFileReference section */

/* Begin PBXFrameworksBuildPhase section */
		33224DD31BD61662003A83CE /* Frameworks */ = {
			isa = PBXFrameworksBuildPhase;
			buildActionMask = 2147483647;
			files = (
			);
			runOnlyForDeploymentPostprocessing = 0;
		};
		33224DE71BD61662003A83CE /* Frameworks */ = {
			isa = PBXFrameworksBuildPhase;
			buildActionMask = 2147483647;
			files = (
			);
			runOnlyForDeploymentPostprocessing = 0;
		};
		33224DF21BD61662003A83CE /* Frameworks */ = {
			isa = PBXFrameworksBuildPhase;
			buildActionMask = 2147483647;
			files = (
			);
			runOnlyForDeploymentPostprocessing = 0;
		};
/* End PBXFrameworksBuildPhase section */

/* Begin PBXGroup section */
		33224DCD1BD61662003A83CE = {
			isa = PBXGroup;
			children = (
				33224DD81BD61662003A83CE /* UpDownGame */,
				33224DED1BD61662003A83CE /* UpDownGameTests */,
				33224DF81BD61662003A83CE /* UpDownGameUITests */,
				33224DD71BD61662003A83CE /* Products */,
			);
			sourceTree = "<group>";
			wrapsLines = 0;
		};
		33224DD71BD61662003A83CE /* Products */ = {
			isa = PBXGroup;
			children = (
				33224DD61BD61662003A83CE /* UpDownGame.app */,
				33224DEA1BD61662003A83CE /* UpDownGameTests.xctest */,
				33224DF51BD61662003A83CE /* UpDownGameUITests.xctest */,
			);
			name = Products;
			sourceTree = "<group>";
		};
		33224DD81BD61662003A83CE /* UpDownGame */ = {
			isa = PBXGroup;
			children = (
				33224DD91BD61662003A83CE /* AppDelegate.swift */,
				33224DDB1BD61662003A83CE /* ViewController.swift */,
				33224DDD1BD61662003A83CE /* Main.storyboard */,
				33224DE01BD61662003A83CE /* Assets.xcassets */,
				33224DE21BD61662003A83CE /* LaunchScreen.storyboard */,
				33224DE51BD61662003A83CE /* Info.plist */,
			);
			path = UpDownGame;
			sourceTree = "<group>";
		};
		33224DED1BD61662003A83CE /* UpDownGameTests */ = {
			isa = PBXGroup;
			children = (
				33224DEE1BD61662003A83CE /* UpDownGameTests.swift */,
				33224DF01BD61662003A83CE /* Info.plist */,
			);
			path = UpDownGameTests;
			sourceTree = "<group>";
		};
		33224DF81BD61662003A83CE /* UpDownGameUITests */ = {
			isa = PBXGroup;
			children = (
				33224DF91BD61662003A83CE /* UpDownGameUITests.swift */,
				33224DFB1BD61662003A83CE /* Info.plist */,
			);
			path = UpDownGameUITests;
			sourceTree = "<group>";
		};
/* End PBXGroup section */

/* Begin PBXNativeTarget section */
		33224DD51BD61662003A83CE /* UpDownGame */ = {
			isa = PBXNativeTarget;
			buildConfigurationList = 33224DFE1BD61662003A83CE /* Build configuration list for PBXNativeTarget "UpDownGame" */;
			buildPhases = (
				33224DD21BD61662003A83CE /* Sources */,
				33224DD31BD61662003A83CE /* Frameworks */,
				33224DD41BD61662003A83CE /* Resources */,
			);
			buildRules = (
			);
			dependencies = (
			);
			name = UpDownGame;
			productName = UpDownGame;
			productReference = 33224DD61BD61662003A83CE /* UpDownGame.app */;
			productType = "com.apple.product-type.application";
		};
		33224DE91BD61662003A83CE /* UpDownGameTests */ = {
			isa = PBXNativeTarget;
			buildConfigurationList = 33224E011BD61662003A83CE /* Build configuration list for PBXNativeTarget "UpDownGameTests" */;
			buildPhases = (
				33224DE61BD61662003A83CE /* Sources */,
				33224DE71BD61662003A83CE /* Frameworks */,
				33224DE81BD61662003A83CE /* Resources */,
			);
			buildRules = (
			);
			dependencies = (
				33224DEC1BD61662003A83CE /* PBXTargetDependency */,
			);
			name = UpDownGameTests;
			productName = UpDownGameTests;
			productReference = 33224DEA1BD61662003A83CE /* UpDownGameTests.xctest */;
			productType = "com.apple.product-type.bundle.unit-test";
		};
		33224DF41BD61662003A83CE /* UpDownGameUITests */ = {
			isa = PBXNativeTarget;
			buildConfigurationList = 33224E041BD61662003A83CE /* Build configuration list for PBXNativeTarget "UpDownGameUITests" */;
			buildPhases = (
				33224DF11BD61662003A83CE /* Sources */,
				33224DF21BD61662003A83CE /* Frameworks */,
				33224DF31BD61662003A83CE /* Resources */,
			);
			buildRules = (
			);
			dependencies = (
				33224DF71BD61662003A83CE /* PBXTargetDependency */,
			);
			name = UpDownGameUITests;
			productName = UpDownGameUITests;
			productReference = 33224DF51BD61662003A83CE /* UpDownGameUITests.xctest */;
			productType = "com.apple.product-type.bundle.ui-testing";
		};
/* End PBXNativeTarget section */

/* Begin PBXProject section */
		33224DCE1BD61662003A83CE /* Project object */ = {
			isa = PBXProject;
			attributes = {
				LastUpgradeCheck = 0700;
				ORGANIZATIONNAME = all4web;
				TargetAttributes = {
					33224DD51BD61662003A83CE = {
						CreatedOnToolsVersion = 7.0.1;
					};
					33224DE91BD61662003A83CE = {
						CreatedOnToolsVersion = 7.0.1;
						TestTargetID = 33224DD51BD61662003A83CE;
					};
					33224DF41BD61662003A83CE = {
						CreatedOnToolsVersion = 7.0.1;
						TestTargetID = 33224DD51BD61662003A83CE;
					};
				};
			};
			buildConfigurationList = 33224DD11BD61662003A83CE /* Build configuration list for PBXProject "UpDownGame" */;
			compatibilityVersion = "Xcode 3.2";
			developmentRegion = English;
			hasScannedForEncodings = 0;
			knownRegions = (
				en,
				Base,
			);
			mainGroup = 33224DCD1BD61662003A83CE;
			productRefGroup = 33224DD71BD61662003A83CE /* Products */;
			projectDirPath = "";
			projectRoot = "";
			targets = (
				33224DD51BD61662003A83CE /* UpDownGame */,
				33224DE91BD61662003A83CE /* UpDownGameTests */,
				33224DF41BD61662003A83CE /* UpDownGameUITests */,
			);
		};
/* End PBXProject section */

/* Begin PBXResourcesBuildPhase section */
		33224DD41BD61662003A83CE /* Resources */ = {
			isa = PBXResourcesBuildPhase;
			buildActionMask = 2147483647;
			files = (
				33224DE41BD61662003A83CE /* LaunchScreen.storyboard in Resources */,
				33224DE11BD61662003A83CE /* Assets.xcassets in Resources */,
				33224DDF1BD61662003A83CE /* Main.storyboard in Resources */,
			);
			runOnlyForDeploymentPostprocessing = 0;
		};
		33224DE81BD61662003A83CE /* Resources */ = {
			isa = PBXResourcesBuildPhase;
			buildActionMask = 2147483647;
			files = (
			);
			runOnlyForDeploymentPostprocessing = 0;
		};
		33224DF31BD61662003A83CE /* Resources */ = {
			isa = PBXResourcesBuildPhase;
			buildActionMask = 2147483647;
			files = (
			);
			runOnlyForDeploymentPostprocessing = 0;
		};
/* End PBXResourcesBuildPhase section */

/* Begin PBXSourcesBuildPhase section */
		33224DD21BD61662003A83CE /* Sources */ = {
			isa = PBXSourcesBuildPhase;
			buildActionMask = 2147483647;
			files = (
				33224DDC1BD61662003A83CE /* ViewController.swift in Sources */,
				33224DDA1BD61662003A83CE /* AppDelegate.swift in Sources */,
			);
			runOnlyForDeploymentPostprocessing = 0;
		};
		33224DE61BD61662003A83CE /* Sources */ = {
			isa = PBXSourcesBuildPhase;
			buildActionMask = 2147483647;
			files = (
				33224DEF1BD61662003A83CE /* UpDownGameTests.swift in Sources */,
			);
			runOnlyForDeploymentPostprocessing = 0;
		};
		33224DF11BD61662003A83CE /* Sources */ = {
			isa = PBXSourcesBuildPhase;
			buildActionMask = 2147483647;
			files = (
				33224DFA1BD61662003A83CE /* UpDownGameUITests.swift in Sources */,
			);
			runOnlyForDeploymentPostprocessing = 0;
		};
/* End PBXSourcesBuildPhase section */

/* Begin PBXTargetDependency section */
		33224DEC1BD61662003A83CE /* PBXTargetDependency */ = {
			isa = PBXTargetDependency;
			target = 33224DD51BD61662003A83CE /* UpDownGame */;
			targetProxy = 33224DEB1BD61662003A83CE /* PBXContainerItemProxy */;
		};
		33224DF71BD61662003A83CE /* PBXTargetDependency */ = {
			isa = PBXTargetDependency;
			target = 33224DD51BD61662003A83CE /* UpDownGame */;
			targetProxy = 33224DF61BD61662003A83CE /* PBXContainerItemProxy */;
		};
/* End PBXTargetDependency section */

/* Begin PBXVariantGroup section */
		33224DDD1BD61662003A83CE /* Main.storyboard */ = {
			isa = PBXVariantGroup;
			children = (
				33224DDE1BD61662003A83CE /* Base */,
			);
			name = Main.storyboard;
			sourceTree = "<group>";
		};
		33224DE21BD61662003A83CE /* LaunchScreen.storyboard */ = {
			isa = PBXVariantGroup;
			children = (
				33224DE31BD61662003A83CE /* Base */,
			);
			name = LaunchScreen.storyboard;
			sourceTree = "<group>";
		};
/* End PBXVariantGroup section */

/* Begin XCBuildConfiguration section */
		33224DFC1BD61662003A83CE /* Debug */ = {
			isa = XCBuildConfiguration;
			buildSettings = {
				ALWAYS_SEARCH_USER_PATHS = NO;
				CLANG_CXX_LANGUAGE_STANDARD = "gnu++0x";
				CLANG_CXX_LIBRARY = "libc++";
				CLANG_ENABLE_MODULES = YES;
				CLANG_ENABLE_OBJC_ARC = YES;
				CLANG_WARN_BOOL_CONVERSION = YES;
				CLANG_WARN_CONSTANT_CONVERSION = YES;
				CLANG_WARN_DIRECT_OBJC_ISA_USAGE = YES_ERROR;
				CLANG_WARN_EMPTY_BODY = YES;
				CLANG_WARN_ENUM_CONVERSION = YES;
				CLANG_WARN_INT_CONVERSION = YES;
				CLANG_WARN_OBJC_ROOT_CLASS = YES_ERROR;
				CLANG_WARN_UNREACHABLE_CODE = YES;
				CLANG_WARN__DUPLICATE_METHOD_MATCH = YES;
				"CODE_SIGN_IDENTITY[sdk=iphoneos*]" = "iPhone Developer";
				COPY_PHASE_STRIP = NO;
				DEBUG_INFORMATION_FORMAT = dwarf;
				ENABLE_STRICT_OBJC_MSGSEND = YES;
				ENABLE_TESTABILITY = YES;
				GCC_C_LANGUAGE_STANDARD = gnu99;
				GCC_DYNAMIC_NO_PIC = NO;
				GCC_NO_COMMON_BLOCKS = YES;
				GCC_OPTIMIZATION_LEVEL = 0;
				GCC_PREPROCESSOR_DEFINITIONS = (
					"DEBUG=1",
					"$(inherited)",
				);
				GCC_WARN_64_TO_32_BIT_CONVERSION = YES;
				GCC_WARN_ABOUT_RETURN_TYPE = YES_ERROR;
				GCC_WARN_UNDECLARED_SELECTOR = YES;
				GCC_WARN_UNINITIALIZED_AUTOS = YES_AGGRESSIVE;
				GCC_WARN_UNUSED_FUNCTION = YES;
				GCC_WARN_UNUSED_VARIABLE = YES;
				IPHONEOS_DEPLOYMENT_TARGET = 9.0;
				MTL_ENABLE_DEBUG_INFO = YES;
				ONLY_ACTIVE_ARCH = YES;
				SDKROOT = iphoneos;
				SWIFT_OPTIMIZATION_LEVEL = "-Onone";
			};
			name = Debug;
		};
		33224DFD1BD61662003A83CE /* Release */ = {
			isa = XCBuildConfiguration;
			buildSettings = {
				ALWAYS_SEARCH_USER_PATHS = NO;
				CLANG_CXX_LANGUAGE_STANDARD = "gnu++0x";
				CLANG_CXX_LIBRARY = "libc++";
				CLANG_ENABLE_MODULES = YES;
				CLANG_ENABLE_OBJC_ARC = YES;
				CLANG_WARN_BOOL_CONVERSION = YES;
				CLANG_WARN_CONSTANT_CONVERSION = YES;
				CLANG_WARN_DIRECT_OBJC_ISA_USAGE = YES_ERROR;
				CLANG_WARN_EMPTY_BODY = YES;
				CLANG_WARN_ENUM_CONVERSION = YES;
				CLANG_WARN_INT_CONVERSION = YES;
				CLANG_WARN_OBJC_ROOT_CLASS = YES_ERROR;
				CLANG_WARN_UNREACHABLE_CODE = YES;
				CLANG_WARN__DUPLICATE_METHOD_MATCH = YES;
				"CODE_SIGN_IDENTITY[sdk=iphoneos*]" = "iPhone Developer";
				COPY_PHASE_STRIP = NO;
				DEBUG_INFORMATION_FORMAT = "dwarf-with-dsym";
				ENABLE_NS_ASSERTIONS = NO;
				ENABLE_STRICT_OBJC_MSGSEND = YES;
				GCC_C_LANGUAGE_STANDARD = gnu99;
				GCC_NO_COMMON_BLOCKS = YES;
				GCC_WARN_64_TO_32_BIT_CONVERSION = YES;
				GCC_WARN_ABOUT_RETURN_TYPE = YES_ERROR;
				GCC_WARN_UNDECLARED_SELECTOR = YES;
				GCC_WARN_UNINITIALIZED_AUTOS = YES_AGGRESSIVE;
				GCC_WARN_UNUSED_FUNCTION = YES;
				GCC_WARN_UNUSED_VARIABLE = YES;
				IPHONEOS_DEPLOYMENT_TARGET = 9.0;
				MTL_ENABLE_DEBUG_INFO = NO;
				SDKROOT = iphoneos;
				VALIDATE_PRODUCT = YES;
			};
			name = Release;
		};
		33224DFF1BD61662003A83CE /* Debug */ = {
			isa = XCBuildConfiguration;
			buildSettings = {
				ASSETCATALOG_COMPILER_APPICON_NAME = AppIcon;
				INFOPLIST_FILE = UpDownGame/Info.plist;
				LD_RUNPATH_SEARCH_PATHS = "$(inherited) @executable_path/Frameworks";
				PRODUCT_BUNDLE_IDENTIFIER = kr.all4web.UpDownGame;
				PRODUCT_NAME = "$(TARGET_NAME)";
			};
			name = Debug;
		};
		33224E001BD61662003A83CE /* Release */ = {
			isa = XCBuildConfiguration;
			buildSettings = {
				ASSETCATALOG_COMPILER_APPICON_NAME = AppIcon;
				INFOPLIST_FILE = UpDownGame/Info.plist;
				LD_RUNPATH_SEARCH_PATHS = "$(inherited) @executable_path/Frameworks";
				PRODUCT_BUNDLE_IDENTIFIER = kr.all4web.UpDownGame;
				PRODUCT_NAME = "$(TARGET_NAME)";
			};
			name = Release;
		};
		33224E021BD61662003A83CE /* Debug */ = {
			isa = XCBuildConfiguration;
			buildSettings = {
				BUNDLE_LOADER = "$(TEST_HOST)";
				INFOPLIST_FILE = UpDownGameTests/Info.plist;
				LD_RUNPATH_SEARCH_PATHS = "$(inherited) @executable_path/Frameworks @loader_path/Frameworks";
				PRODUCT_BUNDLE_IDENTIFIER = kr.all4web.UpDownGameTests;
				PRODUCT_NAME = "$(TARGET_NAME)";
				TEST_HOST = "$(BUILT_PRODUCTS_DIR)/UpDownGame.app/UpDownGame";
			};
			name = Debug;
		};
		33224E031BD61662003A83CE /* Release */ = {
			isa = XCBuildConfiguration;
			buildSettings = {
				BUNDLE_LOADER = "$(TEST_HOST)";
				INFOPLIST_FILE = UpDownGameTests/Info.plist;
				LD_RUNPATH_SEARCH_PATHS = "$(inherited) @executable_path/Frameworks @loader_path/Frameworks";
				PRODUCT_BUNDLE_IDENTIFIER = kr.all4web.UpDownGameTests;
				PRODUCT_NAME = "$(TARGET_NAME)";
				TEST_HOST = "$(BUILT_PRODUCTS_DIR)/UpDownGame.app/UpDownGame";
			};
			name = Release;
		};
		33224E051BD61662003A83CE /* Debug */ = {
			isa = XCBuildConfiguration;
			buildSettings = {
				INFOPLIST_FILE = UpDownGameUITests/Info.plist;
				LD_RUNPATH_SEARCH_PATHS = "$(inherited) @executable_path/Frameworks @loader_path/Frameworks";
				PRODUCT_BUNDLE_IDENTIFIER = kr.all4web.UpDownGameUITests;
				PRODUCT_NAME = "$(TARGET_NAME)";
				TEST_TARGET_NAME = UpDownGame;
				USES_XCTRUNNER = YES;
			};
			name = Debug;
		};
		33224E061BD61662003A83CE /* Release */ = {
			isa = XCBuildConfiguration;
			buildSettings = {
				INFOPLIST_FILE = UpDownGameUITests/Info.plist;
				LD_RUNPATH_SEARCH_PATHS = "$(inherited) @executable_path/Frameworks @loader_path/Frameworks";
				PRODUCT_BUNDLE_IDENTIFIER = kr.all4web.UpDownGameUITests;
				PRODUCT_NAME = "$(TARGET_NAME)";
				TEST_TARGET_NAME = UpDownGame;
				USES_XCTRUNNER = YES;
			};
			name = Release;
		};
/* End XCBuildConfiguration section */

/* Begin XCConfigurationList section */
		33224DD11BD61662003A83CE /* Build configuration list for PBXProject "UpDownGame" */ = {
			isa = XCConfigurationList;
			buildConfigurations = (
				33224DFC1BD61662003A83CE /* Debug */,
				33224DFD1BD61662003A83CE /* Release */,
			);
			defaultConfigurationIsVisible = 0;
			defaultConfigurationName = Release;
		};
		33224DFE1BD61662003A83CE /* Build configuration list for PBXNativeTarget "UpDownGame" */ = {
			isa = XCConfigurationList;
			buildConfigurations = (
				33224DFF1BD61662003A83CE /* Debug */,
				33224E001BD61662003A83CE /* Release */,
			);
			defaultConfigurationIsVisible = 0;
		};
		33224E011BD61662003A83CE /* Build configuration list for PBXNativeTarget "UpDownGameTests" */ = {
			isa = XCConfigurationList;
			buildConfigurations = (
				33224E021BD61662003A83CE /* Debug */,
				33224E031BD61662003A83CE /* Release */,
			);
			defaultConfigurationIsVisible = 0;
		};
		33224E041BD61662003A83CE /* Build configuration list for PBXNativeTarget "UpDownGameUITests" */ = {
			isa = XCConfigurationList;
			buildConfigurations = (
				33224E051BD61662003A83CE /* Debug */,
				33224E061BD61662003A83CE /* Release */,
			);
			defaultConfigurationIsVisible = 0;
		};
/* End XCConfigurationList section */
	};
	rootObject = 33224DCE1BD61662003A83CE /* Project object */;
}
